// !$*UTF8*$!
{
	archiveVersion = 1;
	classes = {
	};
	objectVersion = 56;
	objects = {

/* Begin PBXBuildFile section */
		9110DED02B353F5A00AE3AE9 /* SettingsView.swift in Sources */ = {isa = PBXBuildFile; fileRef = 9110DECF2B353F5A00AE3AE9 /* SettingsView.swift */; };
		9110DED22B35515C00AE3AE9 /* ColorPickerView.swift in Sources */ = {isa = PBXBuildFile; fileRef = 9110DED12B35515C00AE3AE9 /* ColorPickerView.swift */; };
		91321A332B89343600435C5A /* BoolExtension.swift in Sources */ = {isa = PBXBuildFile; fileRef = 91321A322B89343600435C5A /* BoolExtension.swift */; };
		915767312B851E4B00B1EE08 /* ItemFormView.swift in Sources */ = {isa = PBXBuildFile; fileRef = 915767302B851E4B00B1EE08 /* ItemFormView.swift */; };
		916265972B7EBC4F00947864 /* ShareViewController.swift in Sources */ = {isa = PBXBuildFile; fileRef = 916265962B7EBC4F00947864 /* ShareViewController.swift */; };
		9162659A2B7EBC4F00947864 /* MainInterface.storyboard in Resources */ = {isa = PBXBuildFile; fileRef = 916265982B7EBC4F00947864 /* MainInterface.storyboard */; };
		9162659E2B7EBC4F00947864 /* Share.appex in Embed Foundation Extensions */ = {isa = PBXBuildFile; fileRef = 916265942B7EBC4F00947864 /* Share.appex */; settings = {ATTRIBUTES = (RemoveHeadersOnCopy, ); }; };
		91926A382B324F9D0096D1DE /* Wants_NeedsApp.swift in Sources */ = {isa = PBXBuildFile; fileRef = 91926A372B324F9D0096D1DE /* Wants_NeedsApp.swift */; };
		91926A3A2B324F9E0096D1DE /* ContentView.swift in Sources */ = {isa = PBXBuildFile; fileRef = 91926A392B324F9E0096D1DE /* ContentView.swift */; };
		91926A3C2B324F9F0096D1DE /* Assets.xcassets in Resources */ = {isa = PBXBuildFile; fileRef = 91926A3B2B324F9F0096D1DE /* Assets.xcassets */; };
		91926A3F2B324F9F0096D1DE /* Preview Assets.xcassets in Resources */ = {isa = PBXBuildFile; fileRef = 91926A3E2B324F9F0096D1DE /* Preview Assets.xcassets */; };
		91926A472B32502F0096D1DE /* ListsView.swift in Sources */ = {isa = PBXBuildFile; fileRef = 91926A462B32502F0096D1DE /* ListsView.swift */; };
		91A6FCC52B3C8A1800BB01C7 /* LinkPickerView.swift in Sources */ = {isa = PBXBuildFile; fileRef = 91A6FCC42B3C8A1800BB01C7 /* LinkPickerView.swift */; };
		91B07F272B82C9C400DD816F /* ListItem.swift in Sources */ = {isa = PBXBuildFile; fileRef = 91B07F252B82C9C400DD816F /* ListItem.swift */; };
		91B07F282B82C9C400DD816F /* ListItem.swift in Sources */ = {isa = PBXBuildFile; fileRef = 91B07F252B82C9C400DD816F /* ListItem.swift */; };
		91B07F292B82C9C400DD816F /* UserSettings.swift in Sources */ = {isa = PBXBuildFile; fileRef = 91B07F262B82C9C400DD816F /* UserSettings.swift */; };
		91B07F2A2B82C9C400DD816F /* UserSettings.swift in Sources */ = {isa = PBXBuildFile; fileRef = 91B07F262B82C9C400DD816F /* UserSettings.swift */; };
		91B5CCC72B3632AB00D7CA63 /* ColorExtension.swift in Sources */ = {isa = PBXBuildFile; fileRef = 91B5CCC62B3632AB00D7CA63 /* ColorExtension.swift */; };
		91D2B83D2B8E761D00E54C3F /* OnboardView.swift in Sources */ = {isa = PBXBuildFile; fileRef = 91D2B83C2B8E761D00E54C3F /* OnboardView.swift */; };
		91F83D9B2B83BDE300579A2C /* ItemView.swift in Sources */ = {isa = PBXBuildFile; fileRef = 91F83D9A2B83BDE300579A2C /* ItemView.swift */; };
/* End PBXBuildFile section */

/* Begin PBXContainerItemProxy section */
		9162659C2B7EBC4F00947864 /* PBXContainerItemProxy */ = {
			isa = PBXContainerItemProxy;
			containerPortal = 91926A2C2B324F9D0096D1DE /* Project object */;
			proxyType = 1;
			remoteGlobalIDString = 916265932B7EBC4F00947864;
			remoteInfo = Share;
		};
/* End PBXContainerItemProxy section */

/* Begin PBXCopyFilesBuildPhase section */
		91A6FCD82B3CBB9D00BB01C7 /* Embed Foundation Extensions */ = {
			isa = PBXCopyFilesBuildPhase;
			buildActionMask = 12;
			dstPath = "";
			dstSubfolderSpec = 13;
			files = (
				9162659E2B7EBC4F00947864 /* Share.appex in Embed Foundation Extensions */,
			);
			name = "Embed Foundation Extensions";
			runOnlyForDeploymentPostprocessing = 0;
		};
/* End PBXCopyFilesBuildPhase section */

/* Begin PBXFileReference section */
		9110DECF2B353F5A00AE3AE9 /* SettingsView.swift */ = {isa = PBXFileReference; lastKnownFileType = sourcecode.swift; path = SettingsView.swift; sourceTree = "<group>"; };
		9110DED12B35515C00AE3AE9 /* ColorPickerView.swift */ = {isa = PBXFileReference; lastKnownFileType = sourcecode.swift; path = ColorPickerView.swift; sourceTree = "<group>"; };
		91321A322B89343600435C5A /* BoolExtension.swift */ = {isa = PBXFileReference; lastKnownFileType = sourcecode.swift; path = BoolExtension.swift; sourceTree = "<group>"; };
		915767302B851E4B00B1EE08 /* ItemFormView.swift */ = {isa = PBXFileReference; lastKnownFileType = sourcecode.swift; path = ItemFormView.swift; sourceTree = "<group>"; };
		916265942B7EBC4F00947864 /* Share.appex */ = {isa = PBXFileReference; explicitFileType = "wrapper.app-extension"; includeInIndex = 0; path = Share.appex; sourceTree = BUILT_PRODUCTS_DIR; };
		916265962B7EBC4F00947864 /* ShareViewController.swift */ = {isa = PBXFileReference; lastKnownFileType = sourcecode.swift; path = ShareViewController.swift; sourceTree = "<group>"; };
		916265992B7EBC4F00947864 /* Base */ = {isa = PBXFileReference; lastKnownFileType = file.storyboard; name = Base; path = Base.lproj/MainInterface.storyboard; sourceTree = "<group>"; };
		9162659B2B7EBC4F00947864 /* Info.plist */ = {isa = PBXFileReference; lastKnownFileType = text.plist.xml; path = Info.plist; sourceTree = "<group>"; };
		91824F2B2B82C074003F0C12 /* Wants+Needs.entitlements */ = {isa = PBXFileReference; lastKnownFileType = text.plist.entitlements; path = "Wants+Needs.entitlements"; sourceTree = "<group>"; };
		91824F2C2B82C0DC003F0C12 /* Share.entitlements */ = {isa = PBXFileReference; lastKnownFileType = text.plist.entitlements; path = Share.entitlements; sourceTree = "<group>"; };
		91926A342B324F9D0096D1DE /* Wants+Needs.app */ = {isa = PBXFileReference; explicitFileType = wrapper.application; includeInIndex = 0; path = "Wants+Needs.app"; sourceTree = BUILT_PRODUCTS_DIR; };
		91926A372B324F9D0096D1DE /* Wants_NeedsApp.swift */ = {isa = PBXFileReference; lastKnownFileType = sourcecode.swift; path = Wants_NeedsApp.swift; sourceTree = "<group>"; };
		91926A392B324F9E0096D1DE /* ContentView.swift */ = {isa = PBXFileReference; lastKnownFileType = sourcecode.swift; path = ContentView.swift; sourceTree = "<group>"; };
		91926A3B2B324F9F0096D1DE /* Assets.xcassets */ = {isa = PBXFileReference; lastKnownFileType = folder.assetcatalog; path = Assets.xcassets; sourceTree = "<group>"; };
		91926A3E2B324F9F0096D1DE /* Preview Assets.xcassets */ = {isa = PBXFileReference; lastKnownFileType = folder.assetcatalog; path = "Preview Assets.xcassets"; sourceTree = "<group>"; };
		91926A462B32502F0096D1DE /* ListsView.swift */ = {isa = PBXFileReference; lastKnownFileType = sourcecode.swift; path = ListsView.swift; sourceTree = "<group>"; };
		91A6FCC42B3C8A1800BB01C7 /* LinkPickerView.swift */ = {isa = PBXFileReference; lastKnownFileType = sourcecode.swift; path = LinkPickerView.swift; sourceTree = "<group>"; };
		91B07F252B82C9C400DD816F /* ListItem.swift */ = {isa = PBXFileReference; fileEncoding = 4; lastKnownFileType = sourcecode.swift; path = ListItem.swift; sourceTree = "<group>"; };
		91B07F262B82C9C400DD816F /* UserSettings.swift */ = {isa = PBXFileReference; fileEncoding = 4; lastKnownFileType = sourcecode.swift; path = UserSettings.swift; sourceTree = "<group>"; };
		91B5CCC62B3632AB00D7CA63 /* ColorExtension.swift */ = {isa = PBXFileReference; lastKnownFileType = sourcecode.swift; path = ColorExtension.swift; sourceTree = "<group>"; };
		91D2B83C2B8E761D00E54C3F /* OnboardView.swift */ = {isa = PBXFileReference; lastKnownFileType = sourcecode.swift; path = OnboardView.swift; sourceTree = "<group>"; };
		91F83D9A2B83BDE300579A2C /* ItemView.swift */ = {isa = PBXFileReference; lastKnownFileType = sourcecode.swift; path = ItemView.swift; sourceTree = "<group>"; };
/* End PBXFileReference section */

/* Begin PBXFrameworksBuildPhase section */
		916265912B7EBC4F00947864 /* Frameworks */ = {
			isa = PBXFrameworksBuildPhase;
			buildActionMask = 2147483647;
			files = (
			);
			runOnlyForDeploymentPostprocessing = 0;
		};
		91926A312B324F9D0096D1DE /* Frameworks */ = {
			isa = PBXFrameworksBuildPhase;
			buildActionMask = 2147483647;
			files = (
			);
			runOnlyForDeploymentPostprocessing = 0;
		};
/* End PBXFrameworksBuildPhase section */

/* Begin PBXGroup section */
		91321A342B8A791700435C5A /* Components */ = {
			isa = PBXGroup;
			children = (
				9110DED12B35515C00AE3AE9 /* ColorPickerView.swift */,
				91A6FCC42B3C8A1800BB01C7 /* LinkPickerView.swift */,
			);
			path = Components;
			sourceTree = "<group>";
		};
		91321A352B8A7A1600435C5A /* Screens */ = {
			isa = PBXGroup;
			children = (
				91926A462B32502F0096D1DE /* ListsView.swift */,
				9110DECF2B353F5A00AE3AE9 /* SettingsView.swift */,
				91D2B83C2B8E761D00E54C3F /* OnboardView.swift */,
			);
			path = Screens;
			sourceTree = "<group>";
		};
		91321A362B8A7A2400435C5A /* Items */ = {
			isa = PBXGroup;
			children = (
				91F83D9A2B83BDE300579A2C /* ItemView.swift */,
				915767302B851E4B00B1EE08 /* ItemFormView.swift */,
			);
			path = Items;
			sourceTree = "<group>";
		};
		916265952B7EBC4F00947864 /* Share */ = {
			isa = PBXGroup;
			children = (
				91824F2C2B82C0DC003F0C12 /* Share.entitlements */,
				916265962B7EBC4F00947864 /* ShareViewController.swift */,
				916265982B7EBC4F00947864 /* MainInterface.storyboard */,
				9162659B2B7EBC4F00947864 /* Info.plist */,
			);
			path = Share;
			sourceTree = "<group>";
		};
		91926A2B2B324F9D0096D1DE = {
			isa = PBXGroup;
			children = (
				91926A362B324F9D0096D1DE /* Wants+Needs */,
				916265952B7EBC4F00947864 /* Share */,
				91926A352B324F9D0096D1DE /* Products */,
			);
			sourceTree = "<group>";
		};
		91926A352B324F9D0096D1DE /* Products */ = {
			isa = PBXGroup;
			children = (
				91926A342B324F9D0096D1DE /* Wants+Needs.app */,
				916265942B7EBC4F00947864 /* Share.appex */,
			);
			name = Products;
			sourceTree = "<group>";
		};
		91926A362B324F9D0096D1DE /* Wants+Needs */ = {
			isa = PBXGroup;
			children = (
				91926A452B32501E0096D1DE /* Views */,
				91B5CCC52B36329E00D7CA63 /* Utility */,
				91B07F2B2B82C9C800DD816F /* Data */,
				91824F2B2B82C074003F0C12 /* Wants+Needs.entitlements */,
				91926A372B324F9D0096D1DE /* Wants_NeedsApp.swift */,
				91926A3B2B324F9F0096D1DE /* Assets.xcassets */,
				91926A3D2B324F9F0096D1DE /* Preview Content */,
			);
			path = "Wants+Needs";
			sourceTree = "<group>";
		};
		91926A3D2B324F9F0096D1DE /* Preview Content */ = {
			isa = PBXGroup;
			children = (
				91926A3E2B324F9F0096D1DE /* Preview Assets.xcassets */,
			);
			path = "Preview Content";
			sourceTree = "<group>";
		};
		91926A452B32501E0096D1DE /* Views */ = {
			isa = PBXGroup;
			children = (
				91926A392B324F9E0096D1DE /* ContentView.swift */,
				91321A362B8A7A2400435C5A /* Items */,
				91321A352B8A7A1600435C5A /* Screens */,
				91321A342B8A791700435C5A /* Components */,
			);
			path = Views;
			sourceTree = "<group>";
		};
		91B07F2B2B82C9C800DD816F /* Data */ = {
			isa = PBXGroup;
			children = (
				91B07F252B82C9C400DD816F /* ListItem.swift */,
				91B07F262B82C9C400DD816F /* UserSettings.swift */,
			);
			path = Data;
			sourceTree = "<group>";
		};
		91B5CCC52B36329E00D7CA63 /* Utility */ = {
			isa = PBXGroup;
			children = (
				91B5CCC62B3632AB00D7CA63 /* ColorExtension.swift */,
				91321A322B89343600435C5A /* BoolExtension.swift */,
			);
			path = Utility;
			sourceTree = "<group>";
		};
/* End PBXGroup section */

/* Begin PBXNativeTarget section */
		916265932B7EBC4F00947864 /* Share */ = {
			isa = PBXNativeTarget;
			buildConfigurationList = 916265A12B7EBC4F00947864 /* Build configuration list for PBXNativeTarget "Share" */;
			buildPhases = (
				916265902B7EBC4F00947864 /* Sources */,
				916265912B7EBC4F00947864 /* Frameworks */,
				916265922B7EBC4F00947864 /* Resources */,
			);
			buildRules = (
			);
			dependencies = (
			);
			name = Share;
			productName = Share;
			productReference = 916265942B7EBC4F00947864 /* Share.appex */;
			productType = "com.apple.product-type.app-extension";
		};
		91926A332B324F9D0096D1DE /* Wants+Needs */ = {
			isa = PBXNativeTarget;
			buildConfigurationList = 91926A422B324F9F0096D1DE /* Build configuration list for PBXNativeTarget "Wants+Needs" */;
			buildPhases = (
				91926A302B324F9D0096D1DE /* Sources */,
				91926A312B324F9D0096D1DE /* Frameworks */,
				91926A322B324F9D0096D1DE /* Resources */,
				91A6FCD82B3CBB9D00BB01C7 /* Embed Foundation Extensions */,
			);
			buildRules = (
			);
			dependencies = (
				9162659D2B7EBC4F00947864 /* PBXTargetDependency */,
			);
			name = "Wants+Needs";
			productName = "Wants+Needs";
			productReference = 91926A342B324F9D0096D1DE /* Wants+Needs.app */;
			productType = "com.apple.product-type.application";
		};
/* End PBXNativeTarget section */

/* Begin PBXProject section */
		91926A2C2B324F9D0096D1DE /* Project object */ = {
			isa = PBXProject;
			attributes = {
				BuildIndependentTargetsInParallel = 1;
				LastSwiftUpdateCheck = 1520;
				LastUpgradeCheck = 1510;
				TargetAttributes = {
					916265932B7EBC4F00947864 = {
						CreatedOnToolsVersion = 15.2;
					};
					91926A332B324F9D0096D1DE = {
						CreatedOnToolsVersion = 15.1;
					};
				};
			};
			buildConfigurationList = 91926A2F2B324F9D0096D1DE /* Build configuration list for PBXProject "Wants+Needs" */;
			compatibilityVersion = "Xcode 14.0";
			developmentRegion = en;
			hasScannedForEncodings = 0;
			knownRegions = (
				en,
				Base,
			);
			mainGroup = 91926A2B2B324F9D0096D1DE;
			productRefGroup = 91926A352B324F9D0096D1DE /* Products */;
			projectDirPath = "";
			projectRoot = "";
			targets = (
				91926A332B324F9D0096D1DE /* Wants+Needs */,
				916265932B7EBC4F00947864 /* Share */,
			);
		};
/* End PBXProject section */

/* Begin PBXResourcesBuildPhase section */
		916265922B7EBC4F00947864 /* Resources */ = {
			isa = PBXResourcesBuildPhase;
			buildActionMask = 2147483647;
			files = (
				9162659A2B7EBC4F00947864 /* MainInterface.storyboard in Resources */,
			);
			runOnlyForDeploymentPostprocessing = 0;
		};
		91926A322B324F9D0096D1DE /* Resources */ = {
			isa = PBXResourcesBuildPhase;
			buildActionMask = 2147483647;
			files = (
				91926A3F2B324F9F0096D1DE /* Preview Assets.xcassets in Resources */,
				91926A3C2B324F9F0096D1DE /* Assets.xcassets in Resources */,
			);
			runOnlyForDeploymentPostprocessing = 0;
		};
/* End PBXResourcesBuildPhase section */

/* Begin PBXSourcesBuildPhase section */
		916265902B7EBC4F00947864 /* Sources */ = {
			isa = PBXSourcesBuildPhase;
			buildActionMask = 2147483647;
			files = (
				91B07F282B82C9C400DD816F /* ListItem.swift in Sources */,
				91B07F2A2B82C9C400DD816F /* UserSettings.swift in Sources */,
				916265972B7EBC4F00947864 /* ShareViewController.swift in Sources */,
			);
			runOnlyForDeploymentPostprocessing = 0;
		};
		91926A302B324F9D0096D1DE /* Sources */ = {
			isa = PBXSourcesBuildPhase;
			buildActionMask = 2147483647;
			files = (
				91B07F292B82C9C400DD816F /* UserSettings.swift in Sources */,
				9110DED02B353F5A00AE3AE9 /* SettingsView.swift in Sources */,
				915767312B851E4B00B1EE08 /* ItemFormView.swift in Sources */,
				91A6FCC52B3C8A1800BB01C7 /* LinkPickerView.swift in Sources */,
				91B07F272B82C9C400DD816F /* ListItem.swift in Sources */,
				91321A332B89343600435C5A /* BoolExtension.swift in Sources */,
				91926A3A2B324F9E0096D1DE /* ContentView.swift in Sources */,
				9110DED22B35515C00AE3AE9 /* ColorPickerView.swift in Sources */,
				91926A382B324F9D0096D1DE /* Wants_NeedsApp.swift in Sources */,
				91D2B83D2B8E761D00E54C3F /* OnboardView.swift in Sources */,
				91F83D9B2B83BDE300579A2C /* ItemView.swift in Sources */,
				91B5CCC72B3632AB00D7CA63 /* ColorExtension.swift in Sources */,
				91926A472B32502F0096D1DE /* ListsView.swift in Sources */,
			);
			runOnlyForDeploymentPostprocessing = 0;
		};
/* End PBXSourcesBuildPhase section */

/* Begin PBXTargetDependency section */
		9162659D2B7EBC4F00947864 /* PBXTargetDependency */ = {
			isa = PBXTargetDependency;
			target = 916265932B7EBC4F00947864 /* Share */;
			targetProxy = 9162659C2B7EBC4F00947864 /* PBXContainerItemProxy */;
		};
/* End PBXTargetDependency section */

/* Begin PBXVariantGroup section */
		916265982B7EBC4F00947864 /* MainInterface.storyboard */ = {
			isa = PBXVariantGroup;
			children = (
				916265992B7EBC4F00947864 /* Base */,
			);
			name = MainInterface.storyboard;
			sourceTree = "<group>";
		};
/* End PBXVariantGroup section */

/* Begin XCBuildConfiguration section */
		9162659F2B7EBC4F00947864 /* Debug */ = {
			isa = XCBuildConfiguration;
			buildSettings = {
				CODE_SIGN_ENTITLEMENTS = Share/Share.entitlements;
				CODE_SIGN_STYLE = Automatic;
				CURRENT_PROJECT_VERSION = 1;
				DEVELOPMENT_TEAM = 2T72RH75T5;
				GENERATE_INFOPLIST_FILE = YES;
				INFOPLIST_FILE = Share/Info.plist;
				INFOPLIST_KEY_CFBundleDisplayName = Share;
				INFOPLIST_KEY_NSHumanReadableCopyright = "";
				LD_RUNPATH_SEARCH_PATHS = (
					"$(inherited)",
					"@executable_path/Frameworks",
					"@executable_path/../../Frameworks",
				);
				MARKETING_VERSION = 1.0;
				PRODUCT_BUNDLE_IDENTIFIER = com.landonwest.WantsNeeds.Share;
				PRODUCT_NAME = "$(TARGET_NAME)";
				SKIP_INSTALL = YES;
				SWIFT_EMIT_LOC_STRINGS = YES;
				SWIFT_VERSION = 5.0;
				TARGETED_DEVICE_FAMILY = "1,2";
			};
			name = Debug;
		};
		916265A02B7EBC4F00947864 /* Release */ = {
			isa = XCBuildConfiguration;
			buildSettings = {
				CODE_SIGN_ENTITLEMENTS = Share/Share.entitlements;
				CODE_SIGN_STYLE = Automatic;
				CURRENT_PROJECT_VERSION = 1;
				DEVELOPMENT_TEAM = 2T72RH75T5;
				GENERATE_INFOPLIST_FILE = YES;
				INFOPLIST_FILE = Share/Info.plist;
				INFOPLIST_KEY_CFBundleDisplayName = Share;
				INFOPLIST_KEY_NSHumanReadableCopyright = "";
				LD_RUNPATH_SEARCH_PATHS = (
					"$(inherited)",
					"@executable_path/Frameworks",
					"@executable_path/../../Frameworks",
				);
				MARKETING_VERSION = 1.0;
				PRODUCT_BUNDLE_IDENTIFIER = com.landonwest.WantsNeeds.Share;
				PRODUCT_NAME = "$(TARGET_NAME)";
				SKIP_INSTALL = YES;
				SWIFT_EMIT_LOC_STRINGS = YES;
				SWIFT_VERSION = 5.0;
				TARGETED_DEVICE_FAMILY = "1,2";
			};
			name = Release;
		};
		91926A402B324F9F0096D1DE /* Debug */ = {
			isa = XCBuildConfiguration;
			buildSettings = {
				ALWAYS_SEARCH_USER_PATHS = NO;
				ASSETCATALOG_COMPILER_GENERATE_SWIFT_ASSET_SYMBOL_EXTENSIONS = YES;
				CLANG_ANALYZER_NONNULL = YES;
				CLANG_ANALYZER_NUMBER_OBJECT_CONVERSION = YES_AGGRESSIVE;
				CLANG_CXX_LANGUAGE_STANDARD = "gnu++20";
				CLANG_ENABLE_MODULES = YES;
				CLANG_ENABLE_OBJC_ARC = YES;
				CLANG_ENABLE_OBJC_WEAK = YES;
				CLANG_WARN_BLOCK_CAPTURE_AUTORELEASING = YES;
				CLANG_WARN_BOOL_CONVERSION = YES;
				CLANG_WARN_COMMA = YES;
				CLANG_WARN_CONSTANT_CONVERSION = YES;
				CLANG_WARN_DEPRECATED_OBJC_IMPLEMENTATIONS = YES;
				CLANG_WARN_DIRECT_OBJC_ISA_USAGE = YES_ERROR;
				CLANG_WARN_DOCUMENTATION_COMMENTS = YES;
				CLANG_WARN_EMPTY_BODY = YES;
				CLANG_WARN_ENUM_CONVERSION = YES;
				CLANG_WARN_INFINITE_RECURSION = YES;
				CLANG_WARN_INT_CONVERSION = YES;
				CLANG_WARN_NON_LITERAL_NULL_CONVERSION = YES;
				CLANG_WARN_OBJC_IMPLICIT_RETAIN_SELF = YES;
				CLANG_WARN_OBJC_LITERAL_CONVERSION = YES;
				CLANG_WARN_OBJC_ROOT_CLASS = YES_ERROR;
				CLANG_WARN_QUOTED_INCLUDE_IN_FRAMEWORK_HEADER = YES;
				CLANG_WARN_RANGE_LOOP_ANALYSIS = YES;
				CLANG_WARN_STRICT_PROTOTYPES = YES;
				CLANG_WARN_SUSPICIOUS_MOVE = YES;
				CLANG_WARN_UNGUARDED_AVAILABILITY = YES_AGGRESSIVE;
				CLANG_WARN_UNREACHABLE_CODE = YES;
				CLANG_WARN__DUPLICATE_METHOD_MATCH = YES;
				COPY_PHASE_STRIP = NO;
				DEBUG_INFORMATION_FORMAT = dwarf;
				ENABLE_STRICT_OBJC_MSGSEND = YES;
				ENABLE_TESTABILITY = YES;
				ENABLE_USER_SCRIPT_SANDBOXING = YES;
				GCC_C_LANGUAGE_STANDARD = gnu17;
				GCC_DYNAMIC_NO_PIC = NO;
				GCC_NO_COMMON_BLOCKS = YES;
				GCC_OPTIMIZATION_LEVEL = 0;
				GCC_PREPROCESSOR_DEFINITIONS = (
					"DEBUG=1",
					"$(inherited)",
				);
				GCC_WARN_64_TO_32_BIT_CONVERSION = YES;
				GCC_WARN_ABOUT_RETURN_TYPE = YES_ERROR;
				GCC_WARN_UNDECLARED_SELECTOR = YES;
				GCC_WARN_UNINITIALIZED_AUTOS = YES_AGGRESSIVE;
				GCC_WARN_UNUSED_FUNCTION = YES;
				GCC_WARN_UNUSED_VARIABLE = YES;
				IPHONEOS_DEPLOYMENT_TARGET = 17.2;
				LOCALIZATION_PREFERS_STRING_CATALOGS = YES;
				MTL_ENABLE_DEBUG_INFO = INCLUDE_SOURCE;
				MTL_FAST_MATH = YES;
				ONLY_ACTIVE_ARCH = YES;
				SDKROOT = iphoneos;
				SWIFT_ACTIVE_COMPILATION_CONDITIONS = "DEBUG $(inherited)";
				SWIFT_OPTIMIZATION_LEVEL = "-Onone";
			};
			name = Debug;
		};
		91926A412B324F9F0096D1DE /* Release */ = {
			isa = XCBuildConfiguration;
			buildSettings = {
				ALWAYS_SEARCH_USER_PATHS = NO;
				ASSETCATALOG_COMPILER_GENERATE_SWIFT_ASSET_SYMBOL_EXTENSIONS = YES;
				CLANG_ANALYZER_NONNULL = YES;
				CLANG_ANALYZER_NUMBER_OBJECT_CONVERSION = YES_AGGRESSIVE;
				CLANG_CXX_LANGUAGE_STANDARD = "gnu++20";
				CLANG_ENABLE_MODULES = YES;
				CLANG_ENABLE_OBJC_ARC = YES;
				CLANG_ENABLE_OBJC_WEAK = YES;
				CLANG_WARN_BLOCK_CAPTURE_AUTORELEASING = YES;
				CLANG_WARN_BOOL_CONVERSION = YES;
				CLANG_WARN_COMMA = YES;
				CLANG_WARN_CONSTANT_CONVERSION = YES;
				CLANG_WARN_DEPRECATED_OBJC_IMPLEMENTATIONS = YES;
				CLANG_WARN_DIRECT_OBJC_ISA_USAGE = YES_ERROR;
				CLANG_WARN_DOCUMENTATION_COMMENTS = YES;
				CLANG_WARN_EMPTY_BODY = YES;
				CLANG_WARN_ENUM_CONVERSION = YES;
				CLANG_WARN_INFINITE_RECURSION = YES;
				CLANG_WARN_INT_CONVERSION = YES;
				CLANG_WARN_NON_LITERAL_NULL_CONVERSION = YES;
				CLANG_WARN_OBJC_IMPLICIT_RETAIN_SELF = YES;
				CLANG_WARN_OBJC_LITERAL_CONVERSION = YES;
				CLANG_WARN_OBJC_ROOT_CLASS = YES_ERROR;
				CLANG_WARN_QUOTED_INCLUDE_IN_FRAMEWORK_HEADER = YES;
				CLANG_WARN_RANGE_LOOP_ANALYSIS = YES;
				CLANG_WARN_STRICT_PROTOTYPES = YES;
				CLANG_WARN_SUSPICIOUS_MOVE = YES;
				CLANG_WARN_UNGUARDED_AVAILABILITY = YES_AGGRESSIVE;
				CLANG_WARN_UNREACHABLE_CODE = YES;
				CLANG_WARN__DUPLICATE_METHOD_MATCH = YES;
				COPY_PHASE_STRIP = NO;
				DEBUG_INFORMATION_FORMAT = "dwarf-with-dsym";
				ENABLE_NS_ASSERTIONS = NO;
				ENABLE_STRICT_OBJC_MSGSEND = YES;
				ENABLE_USER_SCRIPT_SANDBOXING = YES;
				GCC_C_LANGUAGE_STANDARD = gnu17;
				GCC_NO_COMMON_BLOCKS = YES;
				GCC_WARN_64_TO_32_BIT_CONVERSION = YES;
				GCC_WARN_ABOUT_RETURN_TYPE = YES_ERROR;
				GCC_WARN_UNDECLARED_SELECTOR = YES;
				GCC_WARN_UNINITIALIZED_AUTOS = YES_AGGRESSIVE;
				GCC_WARN_UNUSED_FUNCTION = YES;
				GCC_WARN_UNUSED_VARIABLE = YES;
				IPHONEOS_DEPLOYMENT_TARGET = 17.2;
				LOCALIZATION_PREFERS_STRING_CATALOGS = YES;
				MTL_ENABLE_DEBUG_INFO = NO;
				MTL_FAST_MATH = YES;
				SDKROOT = iphoneos;
				SWIFT_COMPILATION_MODE = wholemodule;
				VALIDATE_PRODUCT = YES;
			};
			name = Release;
		};
		91926A432B324F9F0096D1DE /* Debug */ = {
			isa = XCBuildConfiguration;
			buildSettings = {
				ALWAYS_EMBED_SWIFT_STANDARD_LIBRARIES = YES;
				ASSETCATALOG_COMPILER_ALTERNATE_APPICON_NAMES = "AppIcon AppIcon2ee82ee AppIcon24b0082 AppIcon20000ff AppIcon2008000 AppIcon2ffff00 AppIcon2ffa500 AppIcon2ff0000 AppIcon1ee82ee AppIcon14b0082 AppIcon10000ff AppIcon1008000 AppIcon1ffff00 AppIcon1ffa500 AppIcon1ff0000";
				ASSETCATALOG_COMPILER_APPICON_NAME = AppIcon;
				ASSETCATALOG_COMPILER_GLOBAL_ACCENT_COLOR_NAME = AccentColor;
				ASSETCATALOG_COMPILER_INCLUDE_ALL_APPICON_ASSETS = YES;
				CODE_SIGN_ENTITLEMENTS = "Wants+Needs/Wants+Needs.entitlements";
				CODE_SIGN_STYLE = Automatic;
				CURRENT_PROJECT_VERSION = 1;
				DEVELOPMENT_ASSET_PATHS = "\"Wants+Needs/Preview Content\"";
				DEVELOPMENT_TEAM = 2T72RH75T5;
				ENABLE_PREVIEWS = YES;
				GENERATE_INFOPLIST_FILE = YES;
				INFOPLIST_KEY_CFBundleDisplayName = "Wants & Needs";
				INFOPLIST_KEY_UIApplicationSceneManifest_Generation = YES;
				INFOPLIST_KEY_UIApplicationSupportsIndirectInputEvents = YES;
				INFOPLIST_KEY_UILaunchScreen_Generation = YES;
				INFOPLIST_KEY_UIStatusBarStyle = UIStatusBarStyleDarkContent;
				INFOPLIST_KEY_UISupportedInterfaceOrientations = UIInterfaceOrientationPortrait;
				INFOPLIST_KEY_UISupportedInterfaceOrientations_iPad = UIInterfaceOrientationPortrait;
				LD_RUNPATH_SEARCH_PATHS = (
					"$(inherited)",
					"@executable_path/Frameworks",
				);
				MARKETING_VERSION = 1.0;
				PRODUCT_BUNDLE_IDENTIFIER = com.landonwest.WantsNeeds;
				PRODUCT_NAME = "$(TARGET_NAME)";
				SWIFT_EMIT_LOC_STRINGS = YES;
				SWIFT_VERSION = 5.0;
				TARGETED_DEVICE_FAMILY = "1,2";
			};
			name = Debug;
		};
		91926A442B324F9F0096D1DE /* Release */ = {
			isa = XCBuildConfiguration;
			buildSettings = {
				ALWAYS_EMBED_SWIFT_STANDARD_LIBRARIES = YES;
				ASSETCATALOG_COMPILER_ALTERNATE_APPICON_NAMES = "AppIcon AppIcon2ee82ee AppIcon24b0082 AppIcon20000ff AppIcon2008000 AppIcon2ffff00 AppIcon2ffa500 AppIcon2ff0000 AppIcon1ee82ee AppIcon14b0082 AppIcon10000ff AppIcon1008000 AppIcon1ffff00 AppIcon1ffa500 AppIcon1ff0000";
				ASSETCATALOG_COMPILER_APPICON_NAME = AppIcon;
				ASSETCATALOG_COMPILER_GLOBAL_ACCENT_COLOR_NAME = AccentColor;
				ASSETCATALOG_COMPILER_INCLUDE_ALL_APPICON_ASSETS = YES;
				CODE_SIGN_ENTITLEMENTS = "Wants+Needs/Wants+Needs.entitlements";
				CODE_SIGN_STYLE = Automatic;
				CURRENT_PROJECT_VERSION = 1;
				DEVELOPMENT_ASSET_PATHS = "\"Wants+Needs/Preview Content\"";
				DEVELOPMENT_TEAM = 2T72RH75T5;
				ENABLE_PREVIEWS = YES;
				GENERATE_INFOPLIST_FILE = YES;
				INFOPLIST_KEY_CFBundleDisplayName = "Wants & Needs";
				INFOPLIST_KEY_UIApplicationSceneManifest_Generation = YES;
				INFOPLIST_KEY_UIApplicationSupportsIndirectInputEvents = YES;
				INFOPLIST_KEY_UILaunchScreen_Generation = YES;
				INFOPLIST_KEY_UIStatusBarStyle = UIStatusBarStyleDarkContent;
				INFOPLIST_KEY_UISupportedInterfaceOrientations = UIInterfaceOrientationPortrait;
				INFOPLIST_KEY_UISupportedInterfaceOrientations_iPad = UIInterfaceOrientationPortrait;
				LD_RUNPATH_SEARCH_PATHS = (
					"$(inherited)",
					"@executable_path/Frameworks",
				);
				MARKETING_VERSION = 1.0;
				PRODUCT_BUNDLE_IDENTIFIER = com.landonwest.WantsNeeds;
				PRODUCT_NAME = "$(TARGET_NAME)";
				SWIFT_EMIT_LOC_STRINGS = YES;
				SWIFT_VERSION = 5.0;
				TARGETED_DEVICE_FAMILY = "1,2";
			};
			name = Release;
		};
/* End XCBuildConfiguration section */

/* Begin XCConfigurationList section */
		916265A12B7EBC4F00947864 /* Build configuration list for PBXNativeTarget "Share" */ = {
			isa = XCConfigurationList;
			buildConfigurations = (
				9162659F2B7EBC4F00947864 /* Debug */,
				916265A02B7EBC4F00947864 /* Release */,
			);
			defaultConfigurationIsVisible = 0;
			defaultConfigurationName = Release;
		};
		91926A2F2B324F9D0096D1DE /* Build configuration list for PBXProject "Wants+Needs" */ = {
			isa = XCConfigurationList;
			buildConfigurations = (
				91926A402B324F9F0096D1DE /* Debug */,
				91926A412B324F9F0096D1DE /* Release */,
			);
			defaultConfigurationIsVisible = 0;
			defaultConfigurationName = Release;
		};
		91926A422B324F9F0096D1DE /* Build configuration list for PBXNativeTarget "Wants+Needs" */ = {
			isa = XCConfigurationList;
			buildConfigurations = (
				91926A432B324F9F0096D1DE /* Debug */,
				91926A442B324F9F0096D1DE /* Release */,
			);
			defaultConfigurationIsVisible = 0;
			defaultConfigurationName = Release;
		};
/* End XCConfigurationList section */
	};
	rootObject = 91926A2C2B324F9D0096D1DE /* Project object */;
}
